// !$*UTF8*$!
{
	archiveVersion = 1;
	classes = {
	};
	objectVersion = 50;
	objects = {

/* Begin PBXBuildFile section */
		0128548129B0C0990070C087 /* AppDelegate.swift in Sources */ = {isa = PBXBuildFile; fileRef = 0128548029B0C0990070C087 /* AppDelegate.swift */; };
		0128548329B0C0990070C087 /* SceneDelegate.swift in Sources */ = {isa = PBXBuildFile; fileRef = 0128548229B0C0990070C087 /* SceneDelegate.swift */; };
		0128548529B0C0990070C087 /* ViewController.swift in Sources */ = {isa = PBXBuildFile; fileRef = 0128548429B0C0990070C087 /* ViewController.swift */; };
		0128548829B0C0990070C087 /* Main.storyboard in Resources */ = {isa = PBXBuildFile; fileRef = 0128548629B0C0990070C087 /* Main.storyboard */; };
		0128548A29B0C09B0070C087 /* Assets.xcassets in Resources */ = {isa = PBXBuildFile; fileRef = 0128548929B0C09B0070C087 /* Assets.xcassets */; };
		0128548D29B0C09B0070C087 /* LaunchScreen.storyboard in Resources */ = {isa = PBXBuildFile; fileRef = 0128548B29B0C09B0070C087 /* LaunchScreen.storyboard */; };
		0128549529B0C4AD0070C087 /* LocationExtension.swift in Sources */ = {isa = PBXBuildFile; fileRef = 0128549429B0C4AD0070C087 /* LocationExtension.swift */; };
		0128549729B0D1C80070C087 /* MapExtension.swift in Sources */ = {isa = PBXBuildFile; fileRef = 0128549629B0D1C80070C087 /* MapExtension.swift */; };
		0128549929B0D3DB0070C087 /* PinLocation.swift in Sources */ = {isa = PBXBuildFile; fileRef = 0128549829B0D3DB0070C087 /* PinLocation.swift */; };
		0128549B29B0DDD10070C087 /* MapAnnotation.swift in Sources */ = {isa = PBXBuildFile; fileRef = 0128549A29B0DDD10070C087 /* MapAnnotation.swift */; };
/* End PBXBuildFile section */

/* Begin PBXFileReference section */
		0128547D29B0C0990070C087 /* MapView.app */ = {isa = PBXFileReference; explicitFileType = wrapper.application; includeInIndex = 0; path = MapView.app; sourceTree = BUILT_PRODUCTS_DIR; };
		0128548029B0C0990070C087 /* AppDelegate.swift */ = {isa = PBXFileReference; lastKnownFileType = sourcecode.swift; path = AppDelegate.swift; sourceTree = "<group>"; };
		0128548229B0C0990070C087 /* SceneDelegate.swift */ = {isa = PBXFileReference; lastKnownFileType = sourcecode.swift; path = SceneDelegate.swift; sourceTree = "<group>"; };
		0128548429B0C0990070C087 /* ViewController.swift */ = {isa = PBXFileReference; lastKnownFileType = sourcecode.swift; path = ViewController.swift; sourceTree = "<group>"; };
		0128548729B0C0990070C087 /* Base */ = {isa = PBXFileReference; lastKnownFileType = file.storyboard; name = Base; path = Base.lproj/Main.storyboard; sourceTree = "<group>"; };
		0128548929B0C09B0070C087 /* Assets.xcassets */ = {isa = PBXFileReference; lastKnownFileType = folder.assetcatalog; path = Assets.xcassets; sourceTree = "<group>"; };
		0128548C29B0C09B0070C087 /* Base */ = {isa = PBXFileReference; lastKnownFileType = file.storyboard; name = Base; path = Base.lproj/LaunchScreen.storyboard; sourceTree = "<group>"; };
		0128548E29B0C09B0070C087 /* Info.plist */ = {isa = PBXFileReference; lastKnownFileType = text.plist.xml; path = Info.plist; sourceTree = "<group>"; };
		0128549429B0C4AD0070C087 /* LocationExtension.swift */ = {isa = PBXFileReference; lastKnownFileType = sourcecode.swift; path = LocationExtension.swift; sourceTree = "<group>"; };
		0128549629B0D1C80070C087 /* MapExtension.swift */ = {isa = PBXFileReference; lastKnownFileType = sourcecode.swift; path = MapExtension.swift; sourceTree = "<group>"; };
		0128549829B0D3DB0070C087 /* PinLocation.swift */ = {isa = PBXFileReference; lastKnownFileType = sourcecode.swift; path = PinLocation.swift; sourceTree = "<group>"; };
		0128549A29B0DDD10070C087 /* MapAnnotation.swift */ = {isa = PBXFileReference; lastKnownFileType = sourcecode.swift; path = MapAnnotation.swift; sourceTree = "<group>"; };
/* End PBXFileReference section */

/* Begin PBXFrameworksBuildPhase section */
		0128547A29B0C0990070C087 /* Frameworks */ = {
			isa = PBXFrameworksBuildPhase;
			buildActionMask = 2147483647;
			files = (
			);
			runOnlyForDeploymentPostprocessing = 0;
		};
/* End PBXFrameworksBuildPhase section */

/* Begin PBXGroup section */
		0128547429B0C0990070C087 = {
			isa = PBXGroup;
			children = (
				0128547F29B0C0990070C087 /* MapView */,
				0128547E29B0C0990070C087 /* Products */,
			);
			sourceTree = "<group>";
		};
		0128547E29B0C0990070C087 /* Products */ = {
			isa = PBXGroup;
			children = (
				0128547D29B0C0990070C087 /* MapView.app */,
			);
			name = Products;
			sourceTree = "<group>";
		};
		0128547F29B0C0990070C087 /* MapView */ = {
			isa = PBXGroup;
			children = (
				0128548029B0C0990070C087 /* AppDelegate.swift */,
				0128548229B0C0990070C087 /* SceneDelegate.swift */,
				0128548429B0C0990070C087 /* ViewController.swift */,
				0128548629B0C0990070C087 /* Main.storyboard */,
				0128548929B0C09B0070C087 /* Assets.xcassets */,
				0128548B29B0C09B0070C087 /* LaunchScreen.storyboard */,
				0128548E29B0C09B0070C087 /* Info.plist */,
				0128549429B0C4AD0070C087 /* LocationExtension.swift */,
				0128549629B0D1C80070C087 /* MapExtension.swift */,
				0128549829B0D3DB0070C087 /* PinLocation.swift */,
				0128549A29B0DDD10070C087 /* MapAnnotation.swift */,
			);
			path = MapView;
			sourceTree = "<group>";
		};
/* End PBXGroup section */

/* Begin PBXNativeTarget section */
		0128547C29B0C0990070C087 /* MapView */ = {
			isa = PBXNativeTarget;
			buildConfigurationList = 0128549129B0C09B0070C087 /* Build configuration list for PBXNativeTarget "MapView" */;
			buildPhases = (
				0128547929B0C0990070C087 /* Sources */,
				0128547A29B0C0990070C087 /* Frameworks */,
				0128547B29B0C0990070C087 /* Resources */,
			);
			buildRules = (
			);
			dependencies = (
			);
			name = MapView;
			productName = MapView;
			productReference = 0128547D29B0C0990070C087 /* MapView.app */;
			productType = "com.apple.product-type.application";
		};
/* End PBXNativeTarget section */

/* Begin PBXProject section */
		0128547529B0C0990070C087 /* Project object */ = {
			isa = PBXProject;
			attributes = {
				LastSwiftUpdateCheck = 1120;
				LastUpgradeCheck = 1120;
				ORGANIZATIONNAME = "Merge Light";
				TargetAttributes = {
					0128547C29B0C0990070C087 = {
						CreatedOnToolsVersion = 11.2.1;
					};
				};
			};
			buildConfigurationList = 0128547829B0C0990070C087 /* Build configuration list for PBXProject "MapView" */;
			compatibilityVersion = "Xcode 9.3";
			developmentRegion = en;
			hasScannedForEncodings = 0;
			knownRegions = (
				en,
				Base,
			);
			mainGroup = 0128547429B0C0990070C087;
			productRefGroup = 0128547E29B0C0990070C087 /* Products */;
			projectDirPath = "";
			projectRoot = "";
			targets = (
				0128547C29B0C0990070C087 /* MapView */,
			);
		};
/* End PBXProject section */

/* Begin PBXResourcesBuildPhase section */
		0128547B29B0C0990070C087 /* Resources */ = {
			isa = PBXResourcesBuildPhase;
			buildActionMask = 2147483647;
			files = (
				0128548D29B0C09B0070C087 /* LaunchScreen.storyboard in Resources */,
				0128548A29B0C09B0070C087 /* Assets.xcassets in Resources */,
				0128548829B0C0990070C087 /* Main.storyboard in Resources */,
			);
			runOnlyForDeploymentPostprocessing = 0;
		};
/* End PBXResourcesBuildPhase section */

/* Begin PBXSourcesBuildPhase section */
		0128547929B0C0990070C087 /* Sources */ = {
			isa = PBXSourcesBuildPhase;
			buildActionMask = 2147483647;
			files = (
				0128549929B0D3DB0070C087 /* PinLocation.swift in Sources */,
				0128549729B0D1C80070C087 /* MapExtension.swift in Sources */,
				0128549B29B0DDD10070C087 /* MapAnnotation.swift in Sources */,
				0128549529B0C4AD0070C087 /* LocationExtension.swift in Sources */,
				0128548529B0C0990070C087 /* ViewController.swift in Sources */,
				0128548129B0C0990070C087 /* AppDelegate.swift in Sources */,
				0128548329B0C0990070C087 /* SceneDelegate.swift in Sources */,
			);
			runOnlyForDeploymentPostprocessing = 0;
		};
/* End PBXSourcesBuildPhase section */

/* Begin PBXVariantGroup section */
		0128548629B0C0990070C087 /* Main.storyboard */ = {
			isa = PBXVariantGroup;
			children = (
				0128548729B0C0990070C087 /* Base */,
			);
			name = Main.storyboard;
			sourceTree = "<group>";
		};
		0128548B29B0C09B0070C087 /* LaunchScreen.storyboard */ = {
			isa = PBXVariantGroup;
			children = (
				0128548C29B0C09B0070C087 /* Base */,
			);
			name = LaunchScreen.storyboard;
			sourceTree = "<group>";
		};
/* End PBXVariantGroup section */

/* Begin XCBuildConfiguration section */
		0128548F29B0C09B0070C087 /* Debug */ = {
			isa = XCBuildConfiguration;
			buildSettings = {
				ALWAYS_SEARCH_USER_PATHS = NO;
				CLANG_ANALYZER_NONNULL = YES;
				CLANG_ANALYZER_NUMBER_OBJECT_CONVERSION = YES_AGGRESSIVE;
				CLANG_CXX_LANGUAGE_STANDARD = "gnu++14";
				CLANG_CXX_LIBRARY = "libc++";
				CLANG_ENABLE_MODULES = YES;
				CLANG_ENABLE_OBJC_ARC = YES;
				CLANG_ENABLE_OBJC_WEAK = YES;
				CLANG_WARN_BLOCK_CAPTURE_AUTORELEASING = YES;
				CLANG_WARN_BOOL_CONVERSION = YES;
				CLANG_WARN_COMMA = YES;
				CLANG_WARN_CONSTANT_CONVERSION = YES;
				CLANG_WARN_DEPRECATED_OBJC_IMPLEMENTATIONS = YES;
				CLANG_WARN_DIRECT_OBJC_ISA_USAGE = YES_ERROR;
				CLANG_WARN_DOCUMENTATION_COMMENTS = YES;
				CLANG_WARN_EMPTY_BODY = YES;
				CLANG_WARN_ENUM_CONVERSION = YES;
				CLANG_WARN_INFINITE_RECURSION = YES;
				CLANG_WARN_INT_CONVERSION = YES;
				CLANG_WARN_NON_LITERAL_NULL_CONVERSION = YES;
				CLANG_WARN_OBJC_IMPLICIT_RETAIN_SELF = YES;
				CLANG_WARN_OBJC_LITERAL_CONVERSION = YES;
				CLANG_WARN_OBJC_ROOT_CLASS = YES_ERROR;
				CLANG_WARN_RANGE_LOOP_ANALYSIS = YES;
				CLANG_WARN_STRICT_PROTOTYPES = YES;
				CLANG_WARN_SUSPICIOUS_MOVE = YES;
				CLANG_WARN_UNGUARDED_AVAILABILITY = YES_AGGRESSIVE;
				CLANG_WARN_UNREACHABLE_CODE = YES;
				CLANG_WARN__DUPLICATE_METHOD_MATCH = YES;
				COPY_PHASE_STRIP = NO;
				DEBUG_INFORMATION_FORMAT = dwarf;
				ENABLE_STRICT_OBJC_MSGSEND = YES;
				ENABLE_TESTABILITY = YES;
				GCC_C_LANGUAGE_STANDARD = gnu11;
				GCC_DYNAMIC_NO_PIC = NO;
				GCC_NO_COMMON_BLOCKS = YES;
				GCC_OPTIMIZATION_LEVEL = 0;
				GCC_PREPROCESSOR_DEFINITIONS = (
					"DEBUG=1",
					"$(inherited)",
				);
				GCC_WARN_64_TO_32_BIT_CONVERSION = YES;
				GCC_WARN_ABOUT_RETURN_TYPE = YES_ERROR;
				GCC_WARN_UNDECLARED_SELECTOR = YES;
				GCC_WARN_UNINITIALIZED_AUTOS = YES_AGGRESSIVE;
				GCC_WARN_UNUSED_FUNCTION = YES;
				GCC_WARN_UNUSED_VARIABLE = YES;
				IPHONEOS_DEPLOYMENT_TARGET = 13.2;
				MTL_ENABLE_DEBUG_INFO = INCLUDE_SOURCE;
				MTL_FAST_MATH = YES;
				ONLY_ACTIVE_ARCH = YES;
				SDKROOT = iphoneos;
				SWIFT_ACTIVE_COMPILATION_CONDITIONS = DEBUG;
				SWIFT_OPTIMIZATION_LEVEL = "-Onone";
			};
			name = Debug;
		};
		0128549029B0C09B0070C087 /* Release */ = {
			isa = XCBuildConfiguration;
			buildSettings = {
				ALWAYS_SEARCH_USER_PATHS = NO;
				CLANG_ANALYZER_NONNULL = YES;
				CLANG_ANALYZER_NUMBER_OBJECT_CONVERSION = YES_AGGRESSIVE;
				CLANG_CXX_LANGUAGE_STANDARD = "gnu++14";
				CLANG_CXX_LIBRARY = "libc++";
				CLANG_ENABLE_MODULES = YES;
				CLANG_ENABLE_OBJC_ARC = YES;
				CLANG_ENABLE_OBJC_WEAK = YES;
				CLANG_WARN_BLOCK_CAPTURE_AUTORELEASING = YES;
				CLANG_WARN_BOOL_CONVERSION = YES;
				CLANG_WARN_COMMA = YES;
				CLANG_WARN_CONSTANT_CONVERSION = YES;
				CLANG_WARN_DEPRECATED_OBJC_IMPLEMENTATIONS = YES;
				CLANG_WARN_DIRECT_OBJC_ISA_USAGE = YES_ERROR;
				CLANG_WARN_DOCUMENTATION_COMMENTS = YES;
				CLANG_WARN_EMPTY_BODY = YES;
				CLANG_WARN_ENUM_CONVERSION = YES;
				CLANG_WARN_INFINITE_RECURSION = YES;
				CLANG_WARN_INT_CONVERSION = YES;
				CLANG_WARN_NON_LITERAL_NULL_CONVERSION = YES;
				CLANG_WARN_OBJC_IMPLICIT_RETAIN_SELF = YES;
				CLANG_WARN_OBJC_LITERAL_CONVERSION = YES;
				CLANG_WARN_OBJC_ROOT_CLASS = YES_ERROR;
				CLANG_WARN_RANGE_LOOP_ANALYSIS = YES;
				CLANG_WARN_STRICT_PROTOTYPES = YES;
				CLANG_WARN_SUSPICIOUS_MOVE = YES;
				CLANG_WARN_UNGUARDED_AVAILABILITY = YES_AGGRESSIVE;
				CLANG_WARN_UNREACHABLE_CODE = YES;
				CLANG_WARN__DUPLICATE_METHOD_MATCH = YES;
				COPY_PHASE_STRIP = NO;
				DEBUG_INFORMATION_FORMAT = "dwarf-with-dsym";
				ENABLE_NS_ASSERTIONS = NO;
				ENABLE_STRICT_OBJC_MSGSEND = YES;
				GCC_C_LANGUAGE_STANDARD = gnu11;
				GCC_NO_COMMON_BLOCKS = YES;
				GCC_WARN_64_TO_32_BIT_CONVERSION = YES;
				GCC_WARN_ABOUT_RETURN_TYPE = YES_ERROR;
				GCC_WARN_UNDECLARED_SELECTOR = YES;
				GCC_WARN_UNINITIALIZED_AUTOS = YES_AGGRESSIVE;
				GCC_WARN_UNUSED_FUNCTION = YES;
				GCC_WARN_UNUSED_VARIABLE = YES;
				IPHONEOS_DEPLOYMENT_TARGET = 13.2;
				MTL_ENABLE_DEBUG_INFO = NO;
				MTL_FAST_MATH = YES;
				SDKROOT = iphoneos;
				SWIFT_COMPILATION_MODE = wholemodule;
				SWIFT_OPTIMIZATION_LEVEL = "-O";
				VALIDATE_PRODUCT = YES;
			};
			name = Release;
		};
		0128549229B0C09B0070C087 /* Debug */ = {
			isa = XCBuildConfiguration;
			buildSettings = {
				ASSETCATALOG_COMPILER_APPICON_NAME = AppIcon;
				CODE_SIGN_STYLE = Automatic;
				INFOPLIST_FILE = MapView/Info.plist;
				LD_RUNPATH_SEARCH_PATHS = (
					"$(inherited)",
					"@executable_path/Frameworks",
				);
				PRODUCT_BUNDLE_IDENTIFIER = com.mergelight.MapView;
				PRODUCT_NAME = "$(TARGET_NAME)";
				SWIFT_VERSION = 5.0;
				TARGETED_DEVICE_FAMILY = "1,2";
			};
			name = Debug;
		};
		0128549329B0C09B0070C087 /* Release */ = {
			isa = XCBuildConfiguration;
			buildSettings = {
				ASSETCATALOG_COMPILER_APPICON_NAME = AppIcon;
				CODE_SIGN_STYLE = Automatic;
				INFOPLIST_FILE = MapView/Info.plist;
				LD_RUNPATH_SEARCH_PATHS = (
					"$(inherited)",
					"@executable_path/Frameworks",
				);
				PRODUCT_BUNDLE_IDENTIFIER = com.mergelight.MapView;
				PRODUCT_NAME = "$(TARGET_NAME)";
				SWIFT_VERSION = 5.0;
				TARGETED_DEVICE_FAMILY = "1,2";
			};
			name = Release;
		};
/* End XCBuildConfiguration section */

/* Begin XCConfigurationList section */
		0128547829B0C0990070C087 /* Build configuration list for PBXProject "MapView" */ = {
			isa = XCConfigurationList;
			buildConfigurations = (
				0128548F29B0C09B0070C087 /* Debug */,
				0128549029B0C09B0070C087 /* Release */,
			);
			defaultConfigurationIsVisible = 0;
			defaultConfigurationName = Release;
		};
		0128549129B0C09B0070C087 /* Build configuration list for PBXNativeTarget "MapView" */ = {
			isa = XCConfigurationList;
			buildConfigurations = (
				0128549229B0C09B0070C087 /* Debug */,
				0128549329B0C09B0070C087 /* Release */,
			);
			defaultConfigurationIsVisible = 0;
			defaultConfigurationName = Release;
		};
/* End XCConfigurationList section */
	};
	rootObject = 0128547529B0C0990070C087 /* Project object */;
}
