// !$*UTF8*$!
{
	archiveVersion = 1;
	classes = {
	};
	objectVersion = 50;
	objects = {

/* Begin PBXBuildFile section */
		01006CC829B9BBA9001BD259 /* AppDelegate.swift in Sources */ = {isa = PBXBuildFile; fileRef = 01006CC729B9BBA9001BD259 /* AppDelegate.swift */; };
		01006CCA29B9BBA9001BD259 /* SceneDelegate.swift in Sources */ = {isa = PBXBuildFile; fileRef = 01006CC929B9BBA9001BD259 /* SceneDelegate.swift */; };
		01006CCC29B9BBA9001BD259 /* ViewController.swift in Sources */ = {isa = PBXBuildFile; fileRef = 01006CCB29B9BBA9001BD259 /* ViewController.swift */; };
		01006CCF29B9BBA9001BD259 /* Main.storyboard in Resources */ = {isa = PBXBuildFile; fileRef = 01006CCD29B9BBA9001BD259 /* Main.storyboard */; };
		01006CD129B9BBAA001BD259 /* Assets.xcassets in Resources */ = {isa = PBXBuildFile; fileRef = 01006CD029B9BBAA001BD259 /* Assets.xcassets */; };
		01006CD429B9BBAA001BD259 /* LaunchScreen.storyboard in Resources */ = {isa = PBXBuildFile; fileRef = 01006CD229B9BBAA001BD259 /* LaunchScreen.storyboard */; };
		01006CDD29B9C57A001BD259 /* UserResponse.swift in Sources */ = {isa = PBXBuildFile; fileRef = 01006CDC29B9C57A001BD259 /* UserResponse.swift */; };
		01006CDF29B9C5D1001BD259 /* User.swift in Sources */ = {isa = PBXBuildFile; fileRef = 01006CDE29B9C5D1001BD259 /* User.swift */; };
		01006CE329B9C979001BD259 /* UserTableViewCell.swift in Sources */ = {isa = PBXBuildFile; fileRef = 01006CE229B9C979001BD259 /* UserTableViewCell.swift */; };
		01006D0529BA0125001BD259 /* APIHelper.swift in Sources */ = {isa = PBXBuildFile; fileRef = 01006D0429BA0125001BD259 /* APIHelper.swift */; };
		01006D0729BA0523001BD259 /* AlertHelper.swift in Sources */ = {isa = PBXBuildFile; fileRef = 01006D0629BA0523001BD259 /* AlertHelper.swift */; };
/* End PBXBuildFile section */

/* Begin PBXFileReference section */
		01006CC429B9BBA9001BD259 /* CallApi.app */ = {isa = PBXFileReference; explicitFileType = wrapper.application; includeInIndex = 0; path = CallApi.app; sourceTree = BUILT_PRODUCTS_DIR; };
		01006CC729B9BBA9001BD259 /* AppDelegate.swift */ = {isa = PBXFileReference; lastKnownFileType = sourcecode.swift; path = AppDelegate.swift; sourceTree = "<group>"; };
		01006CC929B9BBA9001BD259 /* SceneDelegate.swift */ = {isa = PBXFileReference; lastKnownFileType = sourcecode.swift; path = SceneDelegate.swift; sourceTree = "<group>"; };
		01006CCB29B9BBA9001BD259 /* ViewController.swift */ = {isa = PBXFileReference; lastKnownFileType = sourcecode.swift; path = ViewController.swift; sourceTree = "<group>"; };
		01006CCE29B9BBA9001BD259 /* Base */ = {isa = PBXFileReference; lastKnownFileType = file.storyboard; name = Base; path = Base.lproj/Main.storyboard; sourceTree = "<group>"; };
		01006CD029B9BBAA001BD259 /* Assets.xcassets */ = {isa = PBXFileReference; lastKnownFileType = folder.assetcatalog; path = Assets.xcassets; sourceTree = "<group>"; };
		01006CD329B9BBAA001BD259 /* Base */ = {isa = PBXFileReference; lastKnownFileType = file.storyboard; name = Base; path = Base.lproj/LaunchScreen.storyboard; sourceTree = "<group>"; };
		01006CD529B9BBAA001BD259 /* Info.plist */ = {isa = PBXFileReference; lastKnownFileType = text.plist.xml; path = Info.plist; sourceTree = "<group>"; };
		01006CDC29B9C57A001BD259 /* UserResponse.swift */ = {isa = PBXFileReference; lastKnownFileType = sourcecode.swift; path = UserResponse.swift; sourceTree = "<group>"; };
		01006CDE29B9C5D1001BD259 /* User.swift */ = {isa = PBXFileReference; lastKnownFileType = sourcecode.swift; path = User.swift; sourceTree = "<group>"; };
		01006CE229B9C979001BD259 /* UserTableViewCell.swift */ = {isa = PBXFileReference; lastKnownFileType = sourcecode.swift; path = UserTableViewCell.swift; sourceTree = "<group>"; };
		01006D0429BA0125001BD259 /* APIHelper.swift */ = {isa = PBXFileReference; lastKnownFileType = sourcecode.swift; path = APIHelper.swift; sourceTree = "<group>"; };
		01006D0629BA0523001BD259 /* AlertHelper.swift */ = {isa = PBXFileReference; lastKnownFileType = sourcecode.swift; path = AlertHelper.swift; sourceTree = "<group>"; };
/* End PBXFileReference section */

/* Begin PBXFrameworksBuildPhase section */
		01006CC129B9BBA9001BD259 /* Frameworks */ = {
			isa = PBXFrameworksBuildPhase;
			buildActionMask = 2147483647;
			files = (
			);
			runOnlyForDeploymentPostprocessing = 0;
		};
/* End PBXFrameworksBuildPhase section */

/* Begin PBXGroup section */
		01006CBB29B9BBA9001BD259 = {
			isa = PBXGroup;
			children = (
				01006CC629B9BBA9001BD259 /* CallApi */,
				01006CC529B9BBA9001BD259 /* Products */,
			);
			sourceTree = "<group>";
		};
		01006CC529B9BBA9001BD259 /* Products */ = {
			isa = PBXGroup;
			children = (
				01006CC429B9BBA9001BD259 /* CallApi.app */,
			);
			name = Products;
			sourceTree = "<group>";
		};
		01006CC629B9BBA9001BD259 /* CallApi */ = {
			isa = PBXGroup;
			children = (
				01006CE129B9C952001BD259 /* Controllers */,
				01006CE029B9C947001BD259 /* Views */,
				01006CDB29B9C553001BD259 /* Models */,
				01006CC729B9BBA9001BD259 /* AppDelegate.swift */,
				01006CC929B9BBA9001BD259 /* SceneDelegate.swift */,
				01006CCD29B9BBA9001BD259 /* Main.storyboard */,
				01006CD029B9BBAA001BD259 /* Assets.xcassets */,
				01006CD229B9BBAA001BD259 /* LaunchScreen.storyboard */,
				01006CD529B9BBAA001BD259 /* Info.plist */,
			);
			path = CallApi;
			sourceTree = "<group>";
		};
		01006CDB29B9C553001BD259 /* Models */ = {
			isa = PBXGroup;
			children = (
				01006CDC29B9C57A001BD259 /* UserResponse.swift */,
				01006CDE29B9C5D1001BD259 /* User.swift */,
				01006D0429BA0125001BD259 /* APIHelper.swift */,
				01006D0629BA0523001BD259 /* AlertHelper.swift */,
			);
			path = Models;
			sourceTree = "<group>";
		};
		01006CE029B9C947001BD259 /* Views */ = {
			isa = PBXGroup;
			children = (
				01006CE229B9C979001BD259 /* UserTableViewCell.swift */,
			);
			path = Views;
			sourceTree = "<group>";
		};
		01006CE129B9C952001BD259 /* Controllers */ = {
			isa = PBXGroup;
			children = (
				01006CCB29B9BBA9001BD259 /* ViewController.swift */,
			);
			path = Controllers;
			sourceTree = "<group>";
		};
/* End PBXGroup section */

/* Begin PBXNativeTarget section */
		01006CC329B9BBA9001BD259 /* CallApi */ = {
			isa = PBXNativeTarget;
			buildConfigurationList = 01006CD829B9BBAA001BD259 /* Build configuration list for PBXNativeTarget "CallApi" */;
			buildPhases = (
				01006CC029B9BBA9001BD259 /* Sources */,
				01006CC129B9BBA9001BD259 /* Frameworks */,
				01006CC229B9BBA9001BD259 /* Resources */,
			);
			buildRules = (
			);
			dependencies = (
			);
			name = CallApi;
			productName = CallApi;
			productReference = 01006CC429B9BBA9001BD259 /* CallApi.app */;
			productType = "com.apple.product-type.application";
		};
/* End PBXNativeTarget section */

/* Begin PBXProject section */
		01006CBC29B9BBA9001BD259 /* Project object */ = {
			isa = PBXProject;
			attributes = {
				LastSwiftUpdateCheck = 1120;
				LastUpgradeCheck = 1120;
				ORGANIZATIONNAME = "Merge Light";
				TargetAttributes = {
					01006CC329B9BBA9001BD259 = {
						CreatedOnToolsVersion = 11.2.1;
					};
				};
			};
			buildConfigurationList = 01006CBF29B9BBA9001BD259 /* Build configuration list for PBXProject "CallApi" */;
			compatibilityVersion = "Xcode 9.3";
			developmentRegion = en;
			hasScannedForEncodings = 0;
			knownRegions = (
				en,
				Base,
			);
			mainGroup = 01006CBB29B9BBA9001BD259;
			productRefGroup = 01006CC529B9BBA9001BD259 /* Products */;
			projectDirPath = "";
			projectRoot = "";
			targets = (
				01006CC329B9BBA9001BD259 /* CallApi */,
			);
		};
/* End PBXProject section */

/* Begin PBXResourcesBuildPhase section */
		01006CC229B9BBA9001BD259 /* Resources */ = {
			isa = PBXResourcesBuildPhase;
			buildActionMask = 2147483647;
			files = (
				01006CD429B9BBAA001BD259 /* LaunchScreen.storyboard in Resources */,
				01006CD129B9BBAA001BD259 /* Assets.xcassets in Resources */,
				01006CCF29B9BBA9001BD259 /* Main.storyboard in Resources */,
			);
			runOnlyForDeploymentPostprocessing = 0;
		};
/* End PBXResourcesBuildPhase section */

/* Begin PBXSourcesBuildPhase section */
		01006CC029B9BBA9001BD259 /* Sources */ = {
			isa = PBXSourcesBuildPhase;
			buildActionMask = 2147483647;
			files = (
				01006D0529BA0125001BD259 /* APIHelper.swift in Sources */,
				01006CCC29B9BBA9001BD259 /* ViewController.swift in Sources */,
				01006CC829B9BBA9001BD259 /* AppDelegate.swift in Sources */,
				01006CCA29B9BBA9001BD259 /* SceneDelegate.swift in Sources */,
				01006D0729BA0523001BD259 /* AlertHelper.swift in Sources */,
				01006CDF29B9C5D1001BD259 /* User.swift in Sources */,
				01006CE329B9C979001BD259 /* UserTableViewCell.swift in Sources */,
				01006CDD29B9C57A001BD259 /* UserResponse.swift in Sources */,
			);
			runOnlyForDeploymentPostprocessing = 0;
		};
/* End PBXSourcesBuildPhase section */

/* Begin PBXVariantGroup section */
		01006CCD29B9BBA9001BD259 /* Main.storyboard */ = {
			isa = PBXVariantGroup;
			children = (
				01006CCE29B9BBA9001BD259 /* Base */,
			);
			name = Main.storyboard;
			sourceTree = "<group>";
		};
		01006CD229B9BBAA001BD259 /* LaunchScreen.storyboard */ = {
			isa = PBXVariantGroup;
			children = (
				01006CD329B9BBAA001BD259 /* Base */,
			);
			name = LaunchScreen.storyboard;
			sourceTree = "<group>";
		};
/* End PBXVariantGroup section */

/* Begin XCBuildConfiguration section */
		01006CD629B9BBAA001BD259 /* Debug */ = {
			isa = XCBuildConfiguration;
			buildSettings = {
				ALWAYS_SEARCH_USER_PATHS = NO;
				CLANG_ANALYZER_NONNULL = YES;
				CLANG_ANALYZER_NUMBER_OBJECT_CONVERSION = YES_AGGRESSIVE;
				CLANG_CXX_LANGUAGE_STANDARD = "gnu++14";
				CLANG_CXX_LIBRARY = "libc++";
				CLANG_ENABLE_MODULES = YES;
				CLANG_ENABLE_OBJC_ARC = YES;
				CLANG_ENABLE_OBJC_WEAK = YES;
				CLANG_WARN_BLOCK_CAPTURE_AUTORELEASING = YES;
				CLANG_WARN_BOOL_CONVERSION = YES;
				CLANG_WARN_COMMA = YES;
				CLANG_WARN_CONSTANT_CONVERSION = YES;
				CLANG_WARN_DEPRECATED_OBJC_IMPLEMENTATIONS = YES;
				CLANG_WARN_DIRECT_OBJC_ISA_USAGE = YES_ERROR;
				CLANG_WARN_DOCUMENTATION_COMMENTS = YES;
				CLANG_WARN_EMPTY_BODY = YES;
				CLANG_WARN_ENUM_CONVERSION = YES;
				CLANG_WARN_INFINITE_RECURSION = YES;
				CLANG_WARN_INT_CONVERSION = YES;
				CLANG_WARN_NON_LITERAL_NULL_CONVERSION = YES;
				CLANG_WARN_OBJC_IMPLICIT_RETAIN_SELF = YES;
				CLANG_WARN_OBJC_LITERAL_CONVERSION = YES;
				CLANG_WARN_OBJC_ROOT_CLASS = YES_ERROR;
				CLANG_WARN_RANGE_LOOP_ANALYSIS = YES;
				CLANG_WARN_STRICT_PROTOTYPES = YES;
				CLANG_WARN_SUSPICIOUS_MOVE = YES;
				CLANG_WARN_UNGUARDED_AVAILABILITY = YES_AGGRESSIVE;
				CLANG_WARN_UNREACHABLE_CODE = YES;
				CLANG_WARN__DUPLICATE_METHOD_MATCH = YES;
				COPY_PHASE_STRIP = NO;
				DEBUG_INFORMATION_FORMAT = dwarf;
				ENABLE_STRICT_OBJC_MSGSEND = YES;
				ENABLE_TESTABILITY = YES;
				GCC_C_LANGUAGE_STANDARD = gnu11;
				GCC_DYNAMIC_NO_PIC = NO;
				GCC_NO_COMMON_BLOCKS = YES;
				GCC_OPTIMIZATION_LEVEL = 0;
				GCC_PREPROCESSOR_DEFINITIONS = (
					"DEBUG=1",
					"$(inherited)",
				);
				GCC_WARN_64_TO_32_BIT_CONVERSION = YES;
				GCC_WARN_ABOUT_RETURN_TYPE = YES_ERROR;
				GCC_WARN_UNDECLARED_SELECTOR = YES;
				GCC_WARN_UNINITIALIZED_AUTOS = YES_AGGRESSIVE;
				GCC_WARN_UNUSED_FUNCTION = YES;
				GCC_WARN_UNUSED_VARIABLE = YES;
				IPHONEOS_DEPLOYMENT_TARGET = 13.2;
				MTL_ENABLE_DEBUG_INFO = INCLUDE_SOURCE;
				MTL_FAST_MATH = YES;
				ONLY_ACTIVE_ARCH = YES;
				SDKROOT = iphoneos;
				SWIFT_ACTIVE_COMPILATION_CONDITIONS = DEBUG;
				SWIFT_OPTIMIZATION_LEVEL = "-Onone";
			};
			name = Debug;
		};
		01006CD729B9BBAA001BD259 /* Release */ = {
			isa = XCBuildConfiguration;
			buildSettings = {
				ALWAYS_SEARCH_USER_PATHS = NO;
				CLANG_ANALYZER_NONNULL = YES;
				CLANG_ANALYZER_NUMBER_OBJECT_CONVERSION = YES_AGGRESSIVE;
				CLANG_CXX_LANGUAGE_STANDARD = "gnu++14";
				CLANG_CXX_LIBRARY = "libc++";
				CLANG_ENABLE_MODULES = YES;
				CLANG_ENABLE_OBJC_ARC = YES;
				CLANG_ENABLE_OBJC_WEAK = YES;
				CLANG_WARN_BLOCK_CAPTURE_AUTORELEASING = YES;
				CLANG_WARN_BOOL_CONVERSION = YES;
				CLANG_WARN_COMMA = YES;
				CLANG_WARN_CONSTANT_CONVERSION = YES;
				CLANG_WARN_DEPRECATED_OBJC_IMPLEMENTATIONS = YES;
				CLANG_WARN_DIRECT_OBJC_ISA_USAGE = YES_ERROR;
				CLANG_WARN_DOCUMENTATION_COMMENTS = YES;
				CLANG_WARN_EMPTY_BODY = YES;
				CLANG_WARN_ENUM_CONVERSION = YES;
				CLANG_WARN_INFINITE_RECURSION = YES;
				CLANG_WARN_INT_CONVERSION = YES;
				CLANG_WARN_NON_LITERAL_NULL_CONVERSION = YES;
				CLANG_WARN_OBJC_IMPLICIT_RETAIN_SELF = YES;
				CLANG_WARN_OBJC_LITERAL_CONVERSION = YES;
				CLANG_WARN_OBJC_ROOT_CLASS = YES_ERROR;
				CLANG_WARN_RANGE_LOOP_ANALYSIS = YES;
				CLANG_WARN_STRICT_PROTOTYPES = YES;
				CLANG_WARN_SUSPICIOUS_MOVE = YES;
				CLANG_WARN_UNGUARDED_AVAILABILITY = YES_AGGRESSIVE;
				CLANG_WARN_UNREACHABLE_CODE = YES;
				CLANG_WARN__DUPLICATE_METHOD_MATCH = YES;
				COPY_PHASE_STRIP = NO;
				DEBUG_INFORMATION_FORMAT = "dwarf-with-dsym";
				ENABLE_NS_ASSERTIONS = NO;
				ENABLE_STRICT_OBJC_MSGSEND = YES;
				GCC_C_LANGUAGE_STANDARD = gnu11;
				GCC_NO_COMMON_BLOCKS = YES;
				GCC_WARN_64_TO_32_BIT_CONVERSION = YES;
				GCC_WARN_ABOUT_RETURN_TYPE = YES_ERROR;
				GCC_WARN_UNDECLARED_SELECTOR = YES;
				GCC_WARN_UNINITIALIZED_AUTOS = YES_AGGRESSIVE;
				GCC_WARN_UNUSED_FUNCTION = YES;
				GCC_WARN_UNUSED_VARIABLE = YES;
				IPHONEOS_DEPLOYMENT_TARGET = 13.2;
				MTL_ENABLE_DEBUG_INFO = NO;
				MTL_FAST_MATH = YES;
				SDKROOT = iphoneos;
				SWIFT_COMPILATION_MODE = wholemodule;
				SWIFT_OPTIMIZATION_LEVEL = "-O";
				VALIDATE_PRODUCT = YES;
			};
			name = Release;
		};
		01006CD929B9BBAA001BD259 /* Debug */ = {
			isa = XCBuildConfiguration;
			buildSettings = {
				ASSETCATALOG_COMPILER_APPICON_NAME = AppIcon;
				CODE_SIGN_STYLE = Automatic;
				INFOPLIST_FILE = CallApi/Info.plist;
				LD_RUNPATH_SEARCH_PATHS = (
					"$(inherited)",
					"@executable_path/Frameworks",
				);
				PRODUCT_BUNDLE_IDENTIFIER = com.mergelight.CallApi;
				PRODUCT_NAME = "$(TARGET_NAME)";
				SWIFT_VERSION = 5.0;
				TARGETED_DEVICE_FAMILY = "1,2";
			};
			name = Debug;
		};
		01006CDA29B9BBAA001BD259 /* Release */ = {
			isa = XCBuildConfiguration;
			buildSettings = {
				ASSETCATALOG_COMPILER_APPICON_NAME = AppIcon;
				CODE_SIGN_STYLE = Automatic;
				INFOPLIST_FILE = CallApi/Info.plist;
				LD_RUNPATH_SEARCH_PATHS = (
					"$(inherited)",
					"@executable_path/Frameworks",
				);
				PRODUCT_BUNDLE_IDENTIFIER = com.mergelight.CallApi;
				PRODUCT_NAME = "$(TARGET_NAME)";
				SWIFT_VERSION = 5.0;
				TARGETED_DEVICE_FAMILY = "1,2";
			};
			name = Release;
		};
/* End XCBuildConfiguration section */

/* Begin XCConfigurationList section */
		01006CBF29B9BBA9001BD259 /* Build configuration list for PBXProject "CallApi" */ = {
			isa = XCConfigurationList;
			buildConfigurations = (
				01006CD629B9BBAA001BD259 /* Debug */,
				01006CD729B9BBAA001BD259 /* Release */,
			);
			defaultConfigurationIsVisible = 0;
			defaultConfigurationName = Release;
		};
		01006CD829B9BBAA001BD259 /* Build configuration list for PBXNativeTarget "CallApi" */ = {
			isa = XCConfigurationList;
			buildConfigurations = (
				01006CD929B9BBAA001BD259 /* Debug */,
				01006CDA29B9BBAA001BD259 /* Release */,
			);
			defaultConfigurationIsVisible = 0;
			defaultConfigurationName = Release;
		};
/* End XCConfigurationList section */
	};
	rootObject = 01006CBC29B9BBA9001BD259 /* Project object */;
}
